{
  "name": "fl-tecnologia-enterprise-site",
  "version": "1.0.0",
  "lockfileVersion": 3,
  "requires": true,
  "packages": {
    "": {
      "name": "fl-tecnologia-enterprise-site",
      "version": "1.0.0",
      "dependencies": {
        "framer-motion": "file:vendor/framer-motion",
        "lucide-react": "file:vendor/lucide-react",
        "next": "file:vendor/next",
        "react": "file:vendor/react",
        "react-dom": "file:vendor/react-dom"
      },
      "devDependencies": {
        "autoprefixer": "file:vendor/autoprefixer",
        "postcss": "file:vendor/postcss",
        "tailwindcss": "file:vendor/tailwindcss"
      }
    },
    "node_modules/autoprefixer": {
      "resolved": "vendor/autoprefixer",
      "link": true
    },
    "node_modules/framer-motion": {
      "resolved": "vendor/framer-motion",
      "link": true
    },
    "node_modules/lucide-react": {
      "resolved": "vendor/lucide-react",
      "link": true
    },
    "node_modules/next": {
      "resolved": "vendor/next",
      "link": true
    },
    "node_modules/postcss": {
      "resolved": "vendor/postcss",
      "link": true
    },
    "node_modules/react": {
      "resolved": "vendor/react",
      "link": true
    },
    "node_modules/react-dom": {
      "resolved": "vendor/react-dom",
      "link": true
    },
    "node_modules/tailwindcss": {
      "resolved": "vendor/tailwindcss",
      "link": true
    },
    "vendor/autoprefixer": {
      "version": "0.0.0-local",
      "dev": true
    },
    "vendor/framer-motion": {
      "version": "12.12.1-local"
    },
    "vendor/lucide-react": {
      "version": "0.511.0-local"
    },
    "vendor/next": {
      "version": "15.3.2-local",
      "bin": {
        "next": "bin/next.js"
      }
    },
    "vendor/postcss": {
      "version": "0.0.0-local",
      "dev": true
    },
    "vendor/react": {
      "version": "19.1.0-local"
    },
    "vendor/react-dom": {
      "version": "19.1.0-local"
    },
    "vendor/tailwindcss": {
      "version": "0.0.0-local",
      "dev": true
    }
  }
}
